
Microsoft Visual Studio Solution File, Format Version 12.00
# Visual Studio 15
VisualStudioVersion = 15.0.28307.1758
MinimumVisualStudioVersion = 10.0.40219.1
Project("{FAE04EC0-301F-11D3-BF4B-00C04F79EFBC}") = "Dao.QueueExecutor", "Dao.QueueExecutor\Dao.QueueExecutor.csproj", "{1328EE94-7F3D-42E3-82C0-0176E4B54C64}"
EndProject
Global
	GlobalSection(SolutionConfigurationPlatforms) = preSolution
		Debug|Any CPU = Debug|Any CPU
		Release|Any CPU = Release|Any CPU
	EndGlobalSection
	GlobalSection(ProjectConfigurationPlatforms) = postSolution
		{1328EE94-7F3D-42E3-82C0-0176E4B54C64}.Debug|Any CPU.ActiveCfg = Debug|Any CPU
		{1328EE94-7F3D-42E3-82C0-0176E4B54C64}.Debug|Any CPU.Build.0 = Debug|Any CPU
		{1328EE94-7F3D-42E3-82C0-0176E4B54C64}.Release|Any CPU.ActiveCfg = Release|Any CPU
		{1328EE94-7F3D-42E3-82C0-0176E4B54C64}.Release|Any CPU.Build.0 = Release|Any CPU
	EndGlobalSection
	GlobalSection(SolutionProperties) = preSolution
		HideSolutionNode = FALSE
	EndGlobalSection
	GlobalSection(ExtensibilityGlobals) = postSolution
		SolutionGuid = {CA4AD1A8-BFF9-4F2D-BBD9-FAD7D1BC94C4}
	EndGlobalSection
EndGlobal
